{
  "name": "TOND",
  "version": "1.0.0",
  "lockfileVersion": 1,
  "requires": true,
  "dependencies": {
    "@tonclient/core": {
      "version": "1.10.0",
      "resolved": "https://registry.npmjs.org/@tonclient/core/-/core-1.10.0.tgz",
      "integrity": "sha512-uPPtw2CMBNaQighAmAhdvXqSJ2YZzUO4w+lHdLnBVOlbX1uwY6/CZDWoE5Y0LSuSUU3FGsmsUsdfiCZgdVYIGA=="
    },
    "@tonclient/lib-node": {
      "version": "1.10.0",
      "resolved": "https://registry.npmjs.org/@tonclient/lib-node/-/lib-node-1.10.0.tgz",
      "integrity": "sha512-mBMA4bfp9LP1vPInBtBNB9r56GyakK4TrZ3zty7COKVU/4/6bqlVqrzHk4oPClnh4z+6C0LpHjESewu2irPqjA=="
    },
    "fs": {
      "version": "0.0.1-security",
      "resolved": "https://registry.npmjs.org/fs/-/fs-0.0.1-security.tgz",
      "integrity": "sha1-invTcYa23d84E/I4WLV+yq9eQdQ="
    }
  }
}
